
Microsoft Visual Studio Solution File, Format Version 12.00
# Visual Studio Version 17
VisualStudioVersion = 17.3.32922.545
MinimumVisualStudioVersion = 10.0.40219.1
Project("{9A19103F-16F7-4668-BE54-9A1E7A4F7556}") = "NLayer.Core", "NLayer.Core\NLayer.Core.csproj", "{EE2302DF-97A6-44D6-89BD-EA8068A78E0B}"
EndProject
Project("{9A19103F-16F7-4668-BE54-9A1E7A4F7556}") = "NLayer.Repository", "NLayer.Repository\NLayer.Repository.csproj", "{1BFFFD47-AA24-4066-83FB-2F0005045CD5}"
EndProject
Project("{9A19103F-16F7-4668-BE54-9A1E7A4F7556}") = "NLayer.Service", "NLayer.Service\NLayer.Service.csproj", "{57E46D46-A06D-44F5-AE2A-5D96C73257C8}"
EndProject
Project("{9A19103F-16F7-4668-BE54-9A1E7A4F7556}") = "NLayer.Caching", "NLayer.Caching\NLayer.Caching.csproj", "{C88E6588-7179-4ED2-8CBC-CB4582C3F16D}"
EndProject
Project("{FAE04EC0-301F-11D3-BF4B-00C04F79EFBC}") = "NLayer.API", "NLayer.API\NLayer.API.csproj", "{57093C3D-F92D-474D-BCE4-7EDCF3E339C7}"
EndProject
Global
	GlobalSection(SolutionConfigurationPlatforms) = preSolution
		Debug|Any CPU = Debug|Any CPU
		Release|Any CPU = Release|Any CPU
	EndGlobalSection
	GlobalSection(ProjectConfigurationPlatforms) = postSolution
		{EE2302DF-97A6-44D6-89BD-EA8068A78E0B}.Debug|Any CPU.ActiveCfg = Debug|Any CPU
		{EE2302DF-97A6-44D6-89BD-EA8068A78E0B}.Debug|Any CPU.Build.0 = Debug|Any CPU
		{EE2302DF-97A6-44D6-89BD-EA8068A78E0B}.Release|Any CPU.ActiveCfg = Release|Any CPU
		{EE2302DF-97A6-44D6-89BD-EA8068A78E0B}.Release|Any CPU.Build.0 = Release|Any CPU
		{1BFFFD47-AA24-4066-83FB-2F0005045CD5}.Debug|Any CPU.ActiveCfg = Debug|Any CPU
		{1BFFFD47-AA24-4066-83FB-2F0005045CD5}.Debug|Any CPU.Build.0 = Debug|Any CPU
		{1BFFFD47-AA24-4066-83FB-2F0005045CD5}.Release|Any CPU.ActiveCfg = Release|Any CPU
		{1BFFFD47-AA24-4066-83FB-2F0005045CD5}.Release|Any CPU.Build.0 = Release|Any CPU
		{57E46D46-A06D-44F5-AE2A-5D96C73257C8}.Debug|Any CPU.ActiveCfg = Debug|Any CPU
		{57E46D46-A06D-44F5-AE2A-5D96C73257C8}.Debug|Any CPU.Build.0 = Debug|Any CPU
		{57E46D46-A06D-44F5-AE2A-5D96C73257C8}.Release|Any CPU.ActiveCfg = Release|Any CPU
		{57E46D46-A06D-44F5-AE2A-5D96C73257C8}.Release|Any CPU.Build.0 = Release|Any CPU
		{C88E6588-7179-4ED2-8CBC-CB4582C3F16D}.Debug|Any CPU.ActiveCfg = Debug|Any CPU
		{C88E6588-7179-4ED2-8CBC-CB4582C3F16D}.Debug|Any CPU.Build.0 = Debug|Any CPU
		{C88E6588-7179-4ED2-8CBC-CB4582C3F16D}.Release|Any CPU.ActiveCfg = Release|Any CPU
		{C88E6588-7179-4ED2-8CBC-CB4582C3F16D}.Release|Any CPU.Build.0 = Release|Any CPU
		{57093C3D-F92D-474D-BCE4-7EDCF3E339C7}.Debug|Any CPU.ActiveCfg = Debug|Any CPU
		{57093C3D-F92D-474D-BCE4-7EDCF3E339C7}.Debug|Any CPU.Build.0 = Debug|Any CPU
		{57093C3D-F92D-474D-BCE4-7EDCF3E339C7}.Release|Any CPU.ActiveCfg = Release|Any CPU
		{57093C3D-F92D-474D-BCE4-7EDCF3E339C7}.Release|Any CPU.Build.0 = Release|Any CPU
	EndGlobalSection
	GlobalSection(SolutionProperties) = preSolution
		HideSolutionNode = FALSE
	EndGlobalSection
	GlobalSection(ExtensibilityGlobals) = postSolution
		SolutionGuid = {15864340-036E-483B-96EB-ABFFEBD1C38A}
	EndGlobalSection
EndGlobal
